
Microsoft Visual Studio Solution File, Format Version 12.00
# Visual Studio Version 16
VisualStudioVersion = 16.0.30503.244
MinimumVisualStudioVersion = 10.0.40219.1
Project("{9A19103F-16F7-4668-BE54-9A1E7A4F7556}") = "Recipes_DB", "Recipes_DB\Recipes_DB.csproj", "{60C54762-DCD8-4EAB-BE42-B83954212448}"
EndProject
Project("{9A19103F-16F7-4668-BE54-9A1E7A4F7556}") = "RecipesDB_UnitTests", "RecipesDB_UnitTests\RecipesDB_UnitTests.csproj", "{39ECC93E-9D07-4D2E-88BC-F45BA6E113F4}"
EndProject
Project("{9A19103F-16F7-4668-BE54-9A1E7A4F7556}") = "Recipes.IntegrationTests", "Recipes.IntegrationTests\Recipes.IntegrationTests.csproj", "{1AD044D2-F0A1-4760-B3C6-59F0F51A696A}"
EndProject
Project("{9A19103F-16F7-4668-BE54-9A1E7A4F7556}") = "CartServices", "CartServices\CartServices.csproj", "{E003F62F-4FBE-442B-9D29-EE2FC01366DA}"
EndProject
Project("{9A19103F-16F7-4668-BE54-9A1E7A4F7556}") = "APIGateway", "APIGateway\APIGateway.csproj", "{0B15BD93-02B9-47D8-8A1C-D3D7926FBA50}"
EndProject
Project("{9A19103F-16F7-4668-BE54-9A1E7A4F7556}") = "IdentityServices", "IdentityServices\IdentityServices.csproj", "{64F90029-6F71-4A17-A058-2293465798AF}"
EndProject
Project("{E53339B2-1760-4266-BCC7-CA923CBCF16C}") = "docker-compose", "docker-compose.dcproj", "{98EE6465-219D-4E22-98D4-1E55752C3BB2}"
EndProject
Project("{9A19103F-16F7-4668-BE54-9A1E7A4F7556}") = "RealtimeServices", "RealtimeServices\RealtimeServices.csproj", "{D53FE54A-D060-43A9-A50F-EFE4106DE06F}"
EndProject
Project("{2150E333-8FDC-42A3-9474-1A3956D46DE8}") = "Backend", "Backend", "{BE5B2D0C-FA3E-4A57-979C-4E2B2ED8B033}"
EndProject
Project("{2150E333-8FDC-42A3-9474-1A3956D46DE8}") = "Frontend", "Frontend", "{A4832D81-FEB8-4DFC-B90D-89F42CCC0518}"
EndProject
Project("{9A19103F-16F7-4668-BE54-9A1E7A4F7556}") = "RealTimeRecipes.Website", "Frontend\RealTimeRecipes.Website\RealTimeRecipes.Website.csproj", "{4EDB177A-1F44-43B5-8467-0B02163D4B78}"
EndProject
Project("{9A19103F-16F7-4668-BE54-9A1E7A4F7556}") = "OrderServices", "OrderServices\OrderServices.csproj", "{1BCDAE14-D240-4916-AD32-DA2C04D6819D}"
EndProject
Project("{9A19103F-16F7-4668-BE54-9A1E7A4F7556}") = "RestaurantServices", "RestaurantServices\RestaurantServices.csproj", "{CBE42005-C7AD-4068-AB33-E4343A63389C}"
EndProject
Global
	GlobalSection(SolutionConfigurationPlatforms) = preSolution
		Debug|Any CPU = Debug|Any CPU
		Release|Any CPU = Release|Any CPU
	EndGlobalSection
	GlobalSection(ProjectConfigurationPlatforms) = postSolution
		{60C54762-DCD8-4EAB-BE42-B83954212448}.Debug|Any CPU.ActiveCfg = Debug|Any CPU
		{60C54762-DCD8-4EAB-BE42-B83954212448}.Debug|Any CPU.Build.0 = Debug|Any CPU
		{60C54762-DCD8-4EAB-BE42-B83954212448}.Release|Any CPU.ActiveCfg = Release|Any CPU
		{60C54762-DCD8-4EAB-BE42-B83954212448}.Release|Any CPU.Build.0 = Release|Any CPU
		{39ECC93E-9D07-4D2E-88BC-F45BA6E113F4}.Debug|Any CPU.ActiveCfg = Debug|Any CPU
		{39ECC93E-9D07-4D2E-88BC-F45BA6E113F4}.Debug|Any CPU.Build.0 = Debug|Any CPU
		{39ECC93E-9D07-4D2E-88BC-F45BA6E113F4}.Release|Any CPU.ActiveCfg = Release|Any CPU
		{39ECC93E-9D07-4D2E-88BC-F45BA6E113F4}.Release|Any CPU.Build.0 = Release|Any CPU
		{1AD044D2-F0A1-4760-B3C6-59F0F51A696A}.Debug|Any CPU.ActiveCfg = Debug|Any CPU
		{1AD044D2-F0A1-4760-B3C6-59F0F51A696A}.Debug|Any CPU.Build.0 = Debug|Any CPU
		{1AD044D2-F0A1-4760-B3C6-59F0F51A696A}.Release|Any CPU.ActiveCfg = Release|Any CPU
		{1AD044D2-F0A1-4760-B3C6-59F0F51A696A}.Release|Any CPU.Build.0 = Release|Any CPU
		{E003F62F-4FBE-442B-9D29-EE2FC01366DA}.Debug|Any CPU.ActiveCfg = Debug|Any CPU
		{E003F62F-4FBE-442B-9D29-EE2FC01366DA}.Debug|Any CPU.Build.0 = Debug|Any CPU
		{E003F62F-4FBE-442B-9D29-EE2FC01366DA}.Release|Any CPU.ActiveCfg = Release|Any CPU
		{E003F62F-4FBE-442B-9D29-EE2FC01366DA}.Release|Any CPU.Build.0 = Release|Any CPU
		{0B15BD93-02B9-47D8-8A1C-D3D7926FBA50}.Debug|Any CPU.ActiveCfg = Debug|Any CPU
		{0B15BD93-02B9-47D8-8A1C-D3D7926FBA50}.Debug|Any CPU.Build.0 = Debug|Any CPU
		{0B15BD93-02B9-47D8-8A1C-D3D7926FBA50}.Release|Any CPU.ActiveCfg = Release|Any CPU
		{0B15BD93-02B9-47D8-8A1C-D3D7926FBA50}.Release|Any CPU.Build.0 = Release|Any CPU
		{64F90029-6F71-4A17-A058-2293465798AF}.Debug|Any CPU.ActiveCfg = Debug|Any CPU
		{64F90029-6F71-4A17-A058-2293465798AF}.Debug|Any CPU.Build.0 = Debug|Any CPU
		{64F90029-6F71-4A17-A058-2293465798AF}.Release|Any CPU.ActiveCfg = Release|Any CPU
		{64F90029-6F71-4A17-A058-2293465798AF}.Release|Any CPU.Build.0 = Release|Any CPU
		{98EE6465-219D-4E22-98D4-1E55752C3BB2}.Debug|Any CPU.ActiveCfg = Debug|Any CPU
		{98EE6465-219D-4E22-98D4-1E55752C3BB2}.Debug|Any CPU.Build.0 = Debug|Any CPU
		{98EE6465-219D-4E22-98D4-1E55752C3BB2}.Release|Any CPU.ActiveCfg = Release|Any CPU
		{98EE6465-219D-4E22-98D4-1E55752C3BB2}.Release|Any CPU.Build.0 = Release|Any CPU
		{D53FE54A-D060-43A9-A50F-EFE4106DE06F}.Debug|Any CPU.ActiveCfg = Debug|Any CPU
		{D53FE54A-D060-43A9-A50F-EFE4106DE06F}.Debug|Any CPU.Build.0 = Debug|Any CPU
		{D53FE54A-D060-43A9-A50F-EFE4106DE06F}.Release|Any CPU.ActiveCfg = Release|Any CPU
		{D53FE54A-D060-43A9-A50F-EFE4106DE06F}.Release|Any CPU.Build.0 = Release|Any CPU
		{4EDB177A-1F44-43B5-8467-0B02163D4B78}.Debug|Any CPU.ActiveCfg = Debug|Any CPU
		{4EDB177A-1F44-43B5-8467-0B02163D4B78}.Debug|Any CPU.Build.0 = Debug|Any CPU
		{4EDB177A-1F44-43B5-8467-0B02163D4B78}.Release|Any CPU.ActiveCfg = Release|Any CPU
		{4EDB177A-1F44-43B5-8467-0B02163D4B78}.Release|Any CPU.Build.0 = Release|Any CPU
		{1BCDAE14-D240-4916-AD32-DA2C04D6819D}.Debug|Any CPU.ActiveCfg = Debug|Any CPU
		{1BCDAE14-D240-4916-AD32-DA2C04D6819D}.Debug|Any CPU.Build.0 = Debug|Any CPU
		{1BCDAE14-D240-4916-AD32-DA2C04D6819D}.Release|Any CPU.ActiveCfg = Release|Any CPU
		{1BCDAE14-D240-4916-AD32-DA2C04D6819D}.Release|Any CPU.Build.0 = Release|Any CPU
		{CBE42005-C7AD-4068-AB33-E4343A63389C}.Debug|Any CPU.ActiveCfg = Debug|Any CPU
		{CBE42005-C7AD-4068-AB33-E4343A63389C}.Debug|Any CPU.Build.0 = Debug|Any CPU
		{CBE42005-C7AD-4068-AB33-E4343A63389C}.Release|Any CPU.ActiveCfg = Release|Any CPU
		{CBE42005-C7AD-4068-AB33-E4343A63389C}.Release|Any CPU.Build.0 = Release|Any CPU
	EndGlobalSection
	GlobalSection(SolutionProperties) = preSolution
		HideSolutionNode = FALSE
	EndGlobalSection
	GlobalSection(NestedProjects) = preSolution
		{60C54762-DCD8-4EAB-BE42-B83954212448} = {BE5B2D0C-FA3E-4A57-979C-4E2B2ED8B033}
		{39ECC93E-9D07-4D2E-88BC-F45BA6E113F4} = {BE5B2D0C-FA3E-4A57-979C-4E2B2ED8B033}
		{1AD044D2-F0A1-4760-B3C6-59F0F51A696A} = {BE5B2D0C-FA3E-4A57-979C-4E2B2ED8B033}
		{E003F62F-4FBE-442B-9D29-EE2FC01366DA} = {BE5B2D0C-FA3E-4A57-979C-4E2B2ED8B033}
		{0B15BD93-02B9-47D8-8A1C-D3D7926FBA50} = {BE5B2D0C-FA3E-4A57-979C-4E2B2ED8B033}
		{64F90029-6F71-4A17-A058-2293465798AF} = {BE5B2D0C-FA3E-4A57-979C-4E2B2ED8B033}
		{98EE6465-219D-4E22-98D4-1E55752C3BB2} = {BE5B2D0C-FA3E-4A57-979C-4E2B2ED8B033}
		{D53FE54A-D060-43A9-A50F-EFE4106DE06F} = {BE5B2D0C-FA3E-4A57-979C-4E2B2ED8B033}
		{4EDB177A-1F44-43B5-8467-0B02163D4B78} = {A4832D81-FEB8-4DFC-B90D-89F42CCC0518}
		{1BCDAE14-D240-4916-AD32-DA2C04D6819D} = {BE5B2D0C-FA3E-4A57-979C-4E2B2ED8B033}
		{CBE42005-C7AD-4068-AB33-E4343A63389C} = {BE5B2D0C-FA3E-4A57-979C-4E2B2ED8B033}
	EndGlobalSection
	GlobalSection(ExtensibilityGlobals) = postSolution
		SolutionGuid = {91FED44C-A442-4784-A5FD-5749EA344AA3}
	EndGlobalSection
EndGlobal
